PODS:
  - GRDB.swift (2.9.0)
  - Roy (0.0.2):
    - Roy/Core (= 0.0.2)
    - Roy/UI (= 0.0.2)
  - Roy/Core (0.0.2):
    - GRDB.swift
  - Roy/UI (0.0.2):
    - Roy/Core

DEPENDENCIES:
  - Roy (from `../`)

EXTERNAL SOURCES:
  Roy:
    :path: ../

SPEC CHECKSUMS:
  GRDB.swift: db8429f12d250f3056df82eb3409e5af083948ca
  Roy: 94b41a1929dd021b6e71821cb03cd6ca8b274cd7

PODFILE CHECKSUM: 64911e2606e1762d3659cd797ff8e3389f0a979f

COCOAPODS: 1.4.0
