// !$*UTF8*$!
{
	archiveVersion = 1;
	classes = {
	};
	objectVersion = 46;
	objects = {

/* Begin PBXBuildFile section */
		67EE79079F0F397D7D9053F2 /* Pods_TestModule.framework in Frameworks */ = {isa = PBXBuildFile; fileRef = A7F66D5E08FE955F3285976B /* Pods_TestModule.framework */; };
		995EA1F61F456E5400E8AF6B /* TestModule.framework in Frameworks */ = {isa = PBXBuildFile; fileRef = 995EA1EC1F456E5400E8AF6B /* TestModule.framework */; };
		995EA1FB1F456E5400E8AF6B /* TestModuleTests.swift in Sources */ = {isa = PBXBuildFile; fileRef = 995EA1FA1F456E5400E8AF6B /* TestModuleTests.swift */; };
		995EA1FD1F456E5400E8AF6B /* TestModule.h in Headers */ = {isa = PBXBuildFile; fileRef = 995EA1EF1F456E5400E8AF6B /* TestModule.h */; settings = {ATTRIBUTES = (Public, ); }; };
		995EA2071F456E6800E8AF6B /* TestModuleDelegate.swift in Sources */ = {isa = PBXBuildFile; fileRef = 995EA2061F456E6800E8AF6B /* TestModuleDelegate.swift */; };
		995EA2091F45750000E8AF6B /* TMViewController.swift in Sources */ = {isa = PBXBuildFile; fileRef = 995EA2081F45750000E8AF6B /* TMViewController.swift */; };
		995EA20B1F45A02300E8AF6B /* FirstViewController.swift in Sources */ = {isa = PBXBuildFile; fileRef = 995EA20A1F45A02300E8AF6B /* FirstViewController.swift */; };
/* End PBXBuildFile section */

/* Begin PBXContainerItemProxy section */
		995EA1F71F456E5400E8AF6B /* PBXContainerItemProxy */ = {
			isa = PBXContainerItemProxy;
			containerPortal = 995EA1E31F456E5400E8AF6B /* Project object */;
			proxyType = 1;
			remoteGlobalIDString = 995EA1EB1F456E5400E8AF6B;
			remoteInfo = TestModule;
		};
/* End PBXContainerItemProxy section */

/* Begin PBXFileReference section */
		995EA1EC1F456E5400E8AF6B /* TestModule.framework */ = {isa = PBXFileReference; explicitFileType = wrapper.framework; includeInIndex = 0; path = TestModule.framework; sourceTree = BUILT_PRODUCTS_DIR; };
		995EA1EF1F456E5400E8AF6B /* TestModule.h */ = {isa = PBXFileReference; lastKnownFileType = sourcecode.c.h; path = TestModule.h; sourceTree = "<group>"; };
		995EA1F01F456E5400E8AF6B /* Info.plist */ = {isa = PBXFileReference; lastKnownFileType = text.plist.xml; path = Info.plist; sourceTree = "<group>"; };
		995EA1F51F456E5400E8AF6B /* TestModuleTests.xctest */ = {isa = PBXFileReference; explicitFileType = wrapper.cfbundle; includeInIndex = 0; path = TestModuleTests.xctest; sourceTree = BUILT_PRODUCTS_DIR; };
		995EA1FA1F456E5400E8AF6B /* TestModuleTests.swift */ = {isa = PBXFileReference; lastKnownFileType = sourcecode.swift; path = TestModuleTests.swift; sourceTree = "<group>"; };
		995EA1FC1F456E5400E8AF6B /* Info.plist */ = {isa = PBXFileReference; lastKnownFileType = text.plist.xml; path = Info.plist; sourceTree = "<group>"; };
		995EA2061F456E6800E8AF6B /* TestModuleDelegate.swift */ = {isa = PBXFileReference; fileEncoding = 4; lastKnownFileType = sourcecode.swift; path = TestModuleDelegate.swift; sourceTree = "<group>"; };
		995EA2081F45750000E8AF6B /* TMViewController.swift */ = {isa = PBXFileReference; fileEncoding = 4; lastKnownFileType = sourcecode.swift; path = TMViewController.swift; sourceTree = "<group>"; };
		995EA20A1F45A02300E8AF6B /* FirstViewController.swift */ = {isa = PBXFileReference; fileEncoding = 4; lastKnownFileType = sourcecode.swift; path = FirstViewController.swift; sourceTree = "<group>"; };
		A7F66D5E08FE955F3285976B /* Pods_TestModule.framework */ = {isa = PBXFileReference; explicitFileType = wrapper.framework; includeInIndex = 0; path = Pods_TestModule.framework; sourceTree = BUILT_PRODUCTS_DIR; };
		CA4A41CD4207FD5CF9DDDE63 /* Pods-TestModule.release.xcconfig */ = {isa = PBXFileReference; includeInIndex = 1; lastKnownFileType = text.xcconfig; name = "Pods-TestModule.release.xcconfig"; path = "../Pods/Target Support Files/Pods-TestModule/Pods-TestModule.release.xcconfig"; sourceTree = "<group>"; };
		D1227B3562361A3DF3BA6330 /* Pods-TestModule.debug.xcconfig */ = {isa = PBXFileReference; includeInIndex = 1; lastKnownFileType = text.xcconfig; name = "Pods-TestModule.debug.xcconfig"; path = "../Pods/Target Support Files/Pods-TestModule/Pods-TestModule.debug.xcconfig"; sourceTree = "<group>"; };
/* End PBXFileReference section */

/* Begin PBXFrameworksBuildPhase section */
		995EA1E81F456E5400E8AF6B /* Frameworks */ = {
			isa = PBXFrameworksBuildPhase;
			buildActionMask = 2147483647;
			files = (
				67EE79079F0F397D7D9053F2 /* Pods_TestModule.framework in Frameworks */,
			);
			runOnlyForDeploymentPostprocessing = 0;
		};
		995EA1F21F456E5400E8AF6B /* Frameworks */ = {
			isa = PBXFrameworksBuildPhase;
			buildActionMask = 2147483647;
			files = (
				995EA1F61F456E5400E8AF6B /* TestModule.framework in Frameworks */,
			);
			runOnlyForDeploymentPostprocessing = 0;
		};
/* End PBXFrameworksBuildPhase section */

/* Begin PBXGroup section */
		2957EEF50AEB537B8C08D2AB /* Pods */ = {
			isa = PBXGroup;
			children = (
				D1227B3562361A3DF3BA6330 /* Pods-TestModule.debug.xcconfig */,
				CA4A41CD4207FD5CF9DDDE63 /* Pods-TestModule.release.xcconfig */,
			);
			name = Pods;
			sourceTree = "<group>";
		};
		58A25B7BC8F692B4A1E007C4 /* Frameworks */ = {
			isa = PBXGroup;
			children = (
				A7F66D5E08FE955F3285976B /* Pods_TestModule.framework */,
			);
			name = Frameworks;
			sourceTree = "<group>";
		};
		995EA1E21F456E5400E8AF6B = {
			isa = PBXGroup;
			children = (
				995EA1EE1F456E5400E8AF6B /* TestModule */,
				995EA1F91F456E5400E8AF6B /* TestModuleTests */,
				995EA1ED1F456E5400E8AF6B /* Products */,
				2957EEF50AEB537B8C08D2AB /* Pods */,
				58A25B7BC8F692B4A1E007C4 /* Frameworks */,
			);
			sourceTree = "<group>";
		};
		995EA1ED1F456E5400E8AF6B /* Products */ = {
			isa = PBXGroup;
			children = (
				995EA1EC1F456E5400E8AF6B /* TestModule.framework */,
				995EA1F51F456E5400E8AF6B /* TestModuleTests.xctest */,
			);
			name = Products;
			sourceTree = "<group>";
		};
		995EA1EE1F456E5400E8AF6B /* TestModule */ = {
			isa = PBXGroup;
			children = (
				995EA1EF1F456E5400E8AF6B /* TestModule.h */,
				995EA2061F456E6800E8AF6B /* TestModuleDelegate.swift */,
				995EA2081F45750000E8AF6B /* TMViewController.swift */,
				995EA20A1F45A02300E8AF6B /* FirstViewController.swift */,
				995EA1F01F456E5400E8AF6B /* Info.plist */,
			);
			path = TestModule;
			sourceTree = "<group>";
		};
		995EA1F91F456E5400E8AF6B /* TestModuleTests */ = {
			isa = PBXGroup;
			children = (
				995EA1FA1F456E5400E8AF6B /* TestModuleTests.swift */,
				995EA1FC1F456E5400E8AF6B /* Info.plist */,
			);
			path = TestModuleTests;
			sourceTree = "<group>";
		};
/* End PBXGroup section */

/* Begin PBXHeadersBuildPhase section */
		995EA1E91F456E5400E8AF6B /* Headers */ = {
			isa = PBXHeadersBuildPhase;
			buildActionMask = 2147483647;
			files = (
				995EA1FD1F456E5400E8AF6B /* TestModule.h in Headers */,
			);
			runOnlyForDeploymentPostprocessing = 0;
		};
/* End PBXHeadersBuildPhase section */

/* Begin PBXNativeTarget section */
		995EA1EB1F456E5400E8AF6B /* TestModule */ = {
			isa = PBXNativeTarget;
			buildConfigurationList = 995EA2001F456E5400E8AF6B /* Build configuration list for PBXNativeTarget "TestModule" */;
			buildPhases = (
				EE72988A87142346921A7262 /* [CP] Check Pods Manifest.lock */,
				995EA1E71F456E5400E8AF6B /* Sources */,
				995EA1E81F456E5400E8AF6B /* Frameworks */,
				995EA1E91F456E5400E8AF6B /* Headers */,
				995EA1EA1F456E5400E8AF6B /* Resources */,
				1AD5664979E47D19BFD0517C /* [CP] Copy Pods Resources */,
			);
			buildRules = (
			);
			dependencies = (
			);
			name = TestModule;
			productName = TestModule;
			productReference = 995EA1EC1F456E5400E8AF6B /* TestModule.framework */;
			productType = "com.apple.product-type.framework";
		};
		995EA1F41F456E5400E8AF6B /* TestModuleTests */ = {
			isa = PBXNativeTarget;
			buildConfigurationList = 995EA2031F456E5400E8AF6B /* Build configuration list for PBXNativeTarget "TestModuleTests" */;
			buildPhases = (
				995EA1F11F456E5400E8AF6B /* Sources */,
				995EA1F21F456E5400E8AF6B /* Frameworks */,
				995EA1F31F456E5400E8AF6B /* Resources */,
			);
			buildRules = (
			);
			dependencies = (
				995EA1F81F456E5400E8AF6B /* PBXTargetDependency */,
			);
			name = TestModuleTests;
			productName = TestModuleTests;
			productReference = 995EA1F51F456E5400E8AF6B /* TestModuleTests.xctest */;
			productType = "com.apple.product-type.bundle.unit-test";
		};
/* End PBXNativeTarget section */

/* Begin PBXProject section */
		995EA1E31F456E5400E8AF6B /* Project object */ = {
			isa = PBXProject;
			attributes = {
				LastSwiftUpdateCheck = 0830;
				LastUpgradeCheck = 0830;
				ORGANIZATIONNAME = DreamTracer;
				TargetAttributes = {
					995EA1EB1F456E5400E8AF6B = {
						CreatedOnToolsVersion = 8.3.3;
						LastSwiftMigration = 0830;
						ProvisioningStyle = Automatic;
					};
					995EA1F41F456E5400E8AF6B = {
						CreatedOnToolsVersion = 8.3.3;
						ProvisioningStyle = Automatic;
					};
				};
			};
			buildConfigurationList = 995EA1E61F456E5400E8AF6B /* Build configuration list for PBXProject "TestModule" */;
			compatibilityVersion = "Xcode 3.2";
			developmentRegion = English;
			hasScannedForEncodings = 0;
			knownRegions = (
				en,
			);
			mainGroup = 995EA1E21F456E5400E8AF6B;
			productRefGroup = 995EA1ED1F456E5400E8AF6B /* Products */;
			projectDirPath = "";
			projectRoot = "";
			targets = (
				995EA1EB1F456E5400E8AF6B /* TestModule */,
				995EA1F41F456E5400E8AF6B /* TestModuleTests */,
			);
		};
/* End PBXProject section */

/* Begin PBXResourcesBuildPhase section */
		995EA1EA1F456E5400E8AF6B /* Resources */ = {
			isa = PBXResourcesBuildPhase;
			buildActionMask = 2147483647;
			files = (
			);
			runOnlyForDeploymentPostprocessing = 0;
		};
		995EA1F31F456E5400E8AF6B /* Resources */ = {
			isa = PBXResourcesBuildPhase;
			buildActionMask = 2147483647;
			files = (
			);
			runOnlyForDeploymentPostprocessing = 0;
		};
/* End PBXResourcesBuildPhase section */

/* Begin PBXShellScriptBuildPhase section */
		1AD5664979E47D19BFD0517C /* [CP] Copy Pods Resources */ = {
			isa = PBXShellScriptBuildPhase;
			buildActionMask = 2147483647;
			files = (
			);
			inputPaths = (
			);
			name = "[CP] Copy Pods Resources";
			outputPaths = (
			);
			runOnlyForDeploymentPostprocessing = 0;
			shellPath = /bin/sh;
			shellScript = "\"${SRCROOT}/../Pods/Target Support Files/Pods-TestModule/Pods-TestModule-resources.sh\"\n";
			showEnvVarsInLog = 0;
		};
		EE72988A87142346921A7262 /* [CP] Check Pods Manifest.lock */ = {
			isa = PBXShellScriptBuildPhase;
			buildActionMask = 2147483647;
			files = (
			);
			inputPaths = (
			);
			name = "[CP] Check Pods Manifest.lock";
			outputPaths = (
			);
			runOnlyForDeploymentPostprocessing = 0;
			shellPath = /bin/sh;
			shellScript = "diff \"${PODS_PODFILE_DIR_PATH}/Podfile.lock\" \"${PODS_ROOT}/Manifest.lock\" > /dev/null\nif [ $? != 0 ] ; then\n    # print error to STDERR\n    echo \"error: The sandbox is not in sync with the Podfile.lock. Run 'pod install' or update your CocoaPods installation.\" >&2\n    exit 1\nfi\n";
			showEnvVarsInLog = 0;
		};
/* End PBXShellScriptBuildPhase section */

/* Begin PBXSourcesBuildPhase section */
		995EA1E71F456E5400E8AF6B /* Sources */ = {
			isa = PBXSourcesBuildPhase;
			buildActionMask = 2147483647;
			files = (
				995EA20B1F45A02300E8AF6B /* FirstViewController.swift in Sources */,
				995EA2071F456E6800E8AF6B /* TestModuleDelegate.swift in Sources */,
				995EA2091F45750000E8AF6B /* TMViewController.swift in Sources */,
			);
			runOnlyForDeploymentPostprocessing = 0;
		};
		995EA1F11F456E5400E8AF6B /* Sources */ = {
			isa = PBXSourcesBuildPhase;
			buildActionMask = 2147483647;
			files = (
				995EA1FB1F456E5400E8AF6B /* TestModuleTests.swift in Sources */,
			);
			runOnlyForDeploymentPostprocessing = 0;
		};
/* End PBXSourcesBuildPhase section */

/* Begin PBXTargetDependency section */
		995EA1F81F456E5400E8AF6B /* PBXTargetDependency */ = {
			isa = PBXTargetDependency;
			target = 995EA1EB1F456E5400E8AF6B /* TestModule */;
			targetProxy = 995EA1F71F456E5400E8AF6B /* PBXContainerItemProxy */;
		};
/* End PBXTargetDependency section */

/* Begin XCBuildConfiguration section */
		995EA1FE1F456E5400E8AF6B /* Debug */ = {
			isa = XCBuildConfiguration;
			buildSettings = {
				ALWAYS_SEARCH_USER_PATHS = NO;
				CLANG_ANALYZER_NONNULL = YES;
				CLANG_ANALYZER_NUMBER_OBJECT_CONVERSION = YES_AGGRESSIVE;
				CLANG_CXX_LANGUAGE_STANDARD = "gnu++0x";
				CLANG_CXX_LIBRARY = "libc++";
				CLANG_ENABLE_MODULES = YES;
				CLANG_ENABLE_OBJC_ARC = YES;
				CLANG_WARN_BOOL_CONVERSION = YES;
				CLANG_WARN_CONSTANT_CONVERSION = YES;
				CLANG_WARN_DIRECT_OBJC_ISA_USAGE = YES_ERROR;
				CLANG_WARN_DOCUMENTATION_COMMENTS = YES;
				CLANG_WARN_EMPTY_BODY = YES;
				CLANG_WARN_ENUM_CONVERSION = YES;
				CLANG_WARN_INFINITE_RECURSION = YES;
				CLANG_WARN_INT_CONVERSION = YES;
				CLANG_WARN_OBJC_ROOT_CLASS = YES_ERROR;
				CLANG_WARN_SUSPICIOUS_MOVE = YES;
				CLANG_WARN_UNREACHABLE_CODE = YES;
				CLANG_WARN__DUPLICATE_METHOD_MATCH = YES;
				"CODE_SIGN_IDENTITY[sdk=iphoneos*]" = "iPhone Developer";
				COPY_PHASE_STRIP = NO;
				CURRENT_PROJECT_VERSION = 1;
				DEBUG_INFORMATION_FORMAT = dwarf;
				ENABLE_STRICT_OBJC_MSGSEND = YES;
				ENABLE_TESTABILITY = YES;
				GCC_C_LANGUAGE_STANDARD = gnu99;
				GCC_DYNAMIC_NO_PIC = NO;
				GCC_NO_COMMON_BLOCKS = YES;
				GCC_OPTIMIZATION_LEVEL = 0;
				GCC_PREPROCESSOR_DEFINITIONS = (
					"DEBUG=1",
					"$(inherited)",
				);
				GCC_WARN_64_TO_32_BIT_CONVERSION = YES;
				GCC_WARN_ABOUT_RETURN_TYPE = YES_ERROR;
				GCC_WARN_UNDECLARED_SELECTOR = YES;
				GCC_WARN_UNINITIALIZED_AUTOS = YES_AGGRESSIVE;
				GCC_WARN_UNUSED_FUNCTION = YES;
				GCC_WARN_UNUSED_VARIABLE = YES;
				IPHONEOS_DEPLOYMENT_TARGET = 10.3;
				MTL_ENABLE_DEBUG_INFO = YES;
				ONLY_ACTIVE_ARCH = YES;
				SDKROOT = iphoneos;
				SWIFT_ACTIVE_COMPILATION_CONDITIONS = DEBUG;
				SWIFT_OPTIMIZATION_LEVEL = "-Onone";
				TARGETED_DEVICE_FAMILY = "1,2";
				VERSIONING_SYSTEM = "apple-generic";
				VERSION_INFO_PREFIX = "";
			};
			name = Debug;
		};
		995EA1FF1F456E5400E8AF6B /* Release */ = {
			isa = XCBuildConfiguration;
			buildSettings = {
				ALWAYS_SEARCH_USER_PATHS = NO;
				CLANG_ANALYZER_NONNULL = YES;
				CLANG_ANALYZER_NUMBER_OBJECT_CONVERSION = YES_AGGRESSIVE;
				CLANG_CXX_LANGUAGE_STANDARD = "gnu++0x";
				CLANG_CXX_LIBRARY = "libc++";
				CLANG_ENABLE_MODULES = YES;
				CLANG_ENABLE_OBJC_ARC = YES;
				CLANG_WARN_BOOL_CONVERSION = YES;
				CLANG_WARN_CONSTANT_CONVERSION = YES;
				CLANG_WARN_DIRECT_OBJC_ISA_USAGE = YES_ERROR;
				CLANG_WARN_DOCUMENTATION_COMMENTS = YES;
				CLANG_WARN_EMPTY_BODY = YES;
				CLANG_WARN_ENUM_CONVERSION = YES;
				CLANG_WARN_INFINITE_RECURSION = YES;
				CLANG_WARN_INT_CONVERSION = YES;
				CLANG_WARN_OBJC_ROOT_CLASS = YES_ERROR;
				CLANG_WARN_SUSPICIOUS_MOVE = YES;
				CLANG_WARN_UNREACHABLE_CODE = YES;
				CLANG_WARN__DUPLICATE_METHOD_MATCH = YES;
				"CODE_SIGN_IDENTITY[sdk=iphoneos*]" = "iPhone Developer";
				COPY_PHASE_STRIP = NO;
				CURRENT_PROJECT_VERSION = 1;
				DEBUG_INFORMATION_FORMAT = "dwarf-with-dsym";
				ENABLE_NS_ASSERTIONS = NO;
				ENABLE_STRICT_OBJC_MSGSEND = YES;
				GCC_C_LANGUAGE_STANDARD = gnu99;
				GCC_NO_COMMON_BLOCKS = YES;
				GCC_WARN_64_TO_32_BIT_CONVERSION = YES;
				GCC_WARN_ABOUT_RETURN_TYPE = YES_ERROR;
				GCC_WARN_UNDECLARED_SELECTOR = YES;
				GCC_WARN_UNINITIALIZED_AUTOS = YES_AGGRESSIVE;
				GCC_WARN_UNUSED_FUNCTION = YES;
				GCC_WARN_UNUSED_VARIABLE = YES;
				IPHONEOS_DEPLOYMENT_TARGET = 10.3;
				MTL_ENABLE_DEBUG_INFO = NO;
				SDKROOT = iphoneos;
				SWIFT_OPTIMIZATION_LEVEL = "-Owholemodule";
				TARGETED_DEVICE_FAMILY = "1,2";
				VALIDATE_PRODUCT = YES;
				VERSIONING_SYSTEM = "apple-generic";
				VERSION_INFO_PREFIX = "";
			};
			name = Release;
		};
		995EA2011F456E5400E8AF6B /* Debug */ = {
			isa = XCBuildConfiguration;
			baseConfigurationReference = D1227B3562361A3DF3BA6330 /* Pods-TestModule.debug.xcconfig */;
			buildSettings = {
				CLANG_ENABLE_MODULES = YES;
				CODE_SIGN_IDENTITY = "";
				DEFINES_MODULE = YES;
				DYLIB_COMPATIBILITY_VERSION = 1;
				DYLIB_CURRENT_VERSION = 1;
				DYLIB_INSTALL_NAME_BASE = "@rpath";
				INFOPLIST_FILE = TestModule/Info.plist;
				INSTALL_PATH = "$(LOCAL_LIBRARY_DIR)/Frameworks";
				IPHONEOS_DEPLOYMENT_TARGET = 8.3;
				LD_RUNPATH_SEARCH_PATHS = "$(inherited) @executable_path/Frameworks @loader_path/Frameworks";
				PRODUCT_BUNDLE_IDENTIFIER = com.DT.TestModule;
				PRODUCT_NAME = "$(TARGET_NAME)";
				SKIP_INSTALL = YES;
				SWIFT_OPTIMIZATION_LEVEL = "-Onone";
				SWIFT_VERSION = 3.0;
			};
			name = Debug;
		};
		995EA2021F456E5400E8AF6B /* Release */ = {
			isa = XCBuildConfiguration;
			baseConfigurationReference = CA4A41CD4207FD5CF9DDDE63 /* Pods-TestModule.release.xcconfig */;
			buildSettings = {
				CLANG_ENABLE_MODULES = YES;
				CODE_SIGN_IDENTITY = "";
				DEFINES_MODULE = YES;
				DYLIB_COMPATIBILITY_VERSION = 1;
				DYLIB_CURRENT_VERSION = 1;
				DYLIB_INSTALL_NAME_BASE = "@rpath";
				INFOPLIST_FILE = TestModule/Info.plist;
				INSTALL_PATH = "$(LOCAL_LIBRARY_DIR)/Frameworks";
				IPHONEOS_DEPLOYMENT_TARGET = 8.3;
				LD_RUNPATH_SEARCH_PATHS = "$(inherited) @executable_path/Frameworks @loader_path/Frameworks";
				PRODUCT_BUNDLE_IDENTIFIER = com.DT.TestModule;
				PRODUCT_NAME = "$(TARGET_NAME)";
				SKIP_INSTALL = YES;
				SWIFT_VERSION = 3.0;
			};
			name = Release;
		};
		995EA2041F456E5400E8AF6B /* Debug */ = {
			isa = XCBuildConfiguration;
			buildSettings = {
				ALWAYS_EMBED_SWIFT_STANDARD_LIBRARIES = YES;
				INFOPLIST_FILE = TestModuleTests/Info.plist;
				LD_RUNPATH_SEARCH_PATHS = "$(inherited) @executable_path/Frameworks @loader_path/Frameworks";
				PRODUCT_BUNDLE_IDENTIFIER = com.DT.TestModuleTests;
				PRODUCT_NAME = "$(TARGET_NAME)";
				SWIFT_VERSION = 3.0;
			};
			name = Debug;
		};
		995EA2051F456E5400E8AF6B /* Release */ = {
			isa = XCBuildConfiguration;
			buildSettings = {
				ALWAYS_EMBED_SWIFT_STANDARD_LIBRARIES = YES;
				INFOPLIST_FILE = TestModuleTests/Info.plist;
				LD_RUNPATH_SEARCH_PATHS = "$(inherited) @executable_path/Frameworks @loader_path/Frameworks";
				PRODUCT_BUNDLE_IDENTIFIER = com.DT.TestModuleTests;
				PRODUCT_NAME = "$(TARGET_NAME)";
				SWIFT_VERSION = 3.0;
			};
			name = Release;
		};
/* End XCBuildConfiguration section */

/* Begin XCConfigurationList section */
		995EA1E61F456E5400E8AF6B /* Build configuration list for PBXProject "TestModule" */ = {
			isa = XCConfigurationList;
			buildConfigurations = (
				995EA1FE1F456E5400E8AF6B /* Debug */,
				995EA1FF1F456E5400E8AF6B /* Release */,
			);
			defaultConfigurationIsVisible = 0;
			defaultConfigurationName = Release;
		};
		995EA2001F456E5400E8AF6B /* Build configuration list for PBXNativeTarget "TestModule" */ = {
			isa = XCConfigurationList;
			buildConfigurations = (
				995EA2011F456E5400E8AF6B /* Debug */,
				995EA2021F456E5400E8AF6B /* Release */,
			);
			defaultConfigurationIsVisible = 0;
			defaultConfigurationName = Release;
		};
		995EA2031F456E5400E8AF6B /* Build configuration list for PBXNativeTarget "TestModuleTests" */ = {
			isa = XCConfigurationList;
			buildConfigurations = (
				995EA2041F456E5400E8AF6B /* Debug */,
				995EA2051F456E5400E8AF6B /* Release */,
			);
			defaultConfigurationIsVisible = 0;
			defaultConfigurationName = Release;
		};
/* End XCConfigurationList section */
	};
	rootObject = 995EA1E31F456E5400E8AF6B /* Project object */;
}
